// !$*UTF8*$!
{
	archiveVersion = 1;
	classes = {
	};
	objectVersion = 46;
	objects = {

/* Begin PBXBuildFile section */
		48484E271AE83D380092D218 /* AppDelegate.swift in Sources */ = {isa = PBXBuildFile; fileRef = 48484E261AE83D380092D218 /* AppDelegate.swift */; };
		48484E291AE83D380092D218 /* ViewController.swift in Sources */ = {isa = PBXBuildFile; fileRef = 48484E281AE83D380092D218 /* ViewController.swift */; };
		48484E2C1AE83D380092D218 /* Main.storyboard in Resources */ = {isa = PBXBuildFile; fileRef = 48484E2A1AE83D380092D218 /* Main.storyboard */; };
		48484E2E1AE83D380092D218 /* Images.xcassets in Resources */ = {isa = PBXBuildFile; fileRef = 48484E2D1AE83D380092D218 /* Images.xcassets */; };
		48484E311AE83D380092D218 /* LaunchScreen.xib in Resources */ = {isa = PBXBuildFile; fileRef = 48484E2F1AE83D380092D218 /* LaunchScreen.xib */; };
		48484E3D1AE83D380092D218 /* LionsAndTigersTests.swift in Sources */ = {isa = PBXBuildFile; fileRef = 48484E3C1AE83D380092D218 /* LionsAndTigersTests.swift */; };
/* End PBXBuildFile section */

/* Begin PBXContainerItemProxy section */
		48484E371AE83D380092D218 /* PBXContainerItemProxy */ = {
			isa = PBXContainerItemProxy;
			containerPortal = 48484E191AE83D380092D218 /* Project object */;
			proxyType = 1;
			remoteGlobalIDString = 48484E201AE83D380092D218;
			remoteInfo = LionsAndTigers;
		};
/* End PBXContainerItemProxy section */

/* Begin PBXFileReference section */
		48484E211AE83D380092D218 /* LionsAndTigers.app */ = {isa = PBXFileReference; explicitFileType = wrapper.application; includeInIndex = 0; path = LionsAndTigers.app; sourceTree = BUILT_PRODUCTS_DIR; };
		48484E251AE83D380092D218 /* Info.plist */ = {isa = PBXFileReference; lastKnownFileType = text.plist.xml; path = Info.plist; sourceTree = "<group>"; };
		48484E261AE83D380092D218 /* AppDelegate.swift */ = {isa = PBXFileReference; lastKnownFileType = sourcecode.swift; path = AppDelegate.swift; sourceTree = "<group>"; };
		48484E281AE83D380092D218 /* ViewController.swift */ = {isa = PBXFileReference; lastKnownFileType = sourcecode.swift; path = ViewController.swift; sourceTree = "<group>"; };
		48484E2B1AE83D380092D218 /* Base */ = {isa = PBXFileReference; lastKnownFileType = file.storyboard; name = Base; path = Base.lproj/Main.storyboard; sourceTree = "<group>"; };
		48484E2D1AE83D380092D218 /* Images.xcassets */ = {isa = PBXFileReference; lastKnownFileType = folder.assetcatalog; path = Images.xcassets; sourceTree = "<group>"; };
		48484E301AE83D380092D218 /* Base */ = {isa = PBXFileReference; lastKnownFileType = file.xib; name = Base; path = Base.lproj/LaunchScreen.xib; sourceTree = "<group>"; };
		48484E361AE83D380092D218 /* LionsAndTigersTests.xctest */ = {isa = PBXFileReference; explicitFileType = wrapper.cfbundle; includeInIndex = 0; path = LionsAndTigersTests.xctest; sourceTree = BUILT_PRODUCTS_DIR; };
		48484E3B1AE83D380092D218 /* Info.plist */ = {isa = PBXFileReference; lastKnownFileType = text.plist.xml; path = Info.plist; sourceTree = "<group>"; };
		48484E3C1AE83D380092D218 /* LionsAndTigersTests.swift */ = {isa = PBXFileReference; lastKnownFileType = sourcecode.swift; path = LionsAndTigersTests.swift; sourceTree = "<group>"; };
/* End PBXFileReference section */

/* Begin PBXFrameworksBuildPhase section */
		48484E1E1AE83D380092D218 /* Frameworks */ = {
			isa = PBXFrameworksBuildPhase;
			buildActionMask = 2147483647;
			files = (
			);
			runOnlyForDeploymentPostprocessing = 0;
		};
		48484E331AE83D380092D218 /* Frameworks */ = {
			isa = PBXFrameworksBuildPhase;
			buildActionMask = 2147483647;
			files = (
			);
			runOnlyForDeploymentPostprocessing = 0;
		};
/* End PBXFrameworksBuildPhase section */

/* Begin PBXGroup section */
		48484E181AE83D380092D218 = {
			isa = PBXGroup;
			children = (
				48484E231AE83D380092D218 /* LionsAndTigers */,
				48484E391AE83D380092D218 /* LionsAndTigersTests */,
				48484E221AE83D380092D218 /* Products */,
			);
			sourceTree = "<group>";
		};
		48484E221AE83D380092D218 /* Products */ = {
			isa = PBXGroup;
			children = (
				48484E211AE83D380092D218 /* LionsAndTigers.app */,
				48484E361AE83D380092D218 /* LionsAndTigersTests.xctest */,
			);
			name = Products;
			sourceTree = "<group>";
		};
		48484E231AE83D380092D218 /* LionsAndTigers */ = {
			isa = PBXGroup;
			children = (
				48484E261AE83D380092D218 /* AppDelegate.swift */,
				48484E281AE83D380092D218 /* ViewController.swift */,
				48484E2A1AE83D380092D218 /* Main.storyboard */,
				48484E2D1AE83D380092D218 /* Images.xcassets */,
				48484E2F1AE83D380092D218 /* LaunchScreen.xib */,
				48484E241AE83D380092D218 /* Supporting Files */,
			);
			path = LionsAndTigers;
			sourceTree = "<group>";
		};
		48484E241AE83D380092D218 /* Supporting Files */ = {
			isa = PBXGroup;
			children = (
				48484E251AE83D380092D218 /* Info.plist */,
			);
			name = "Supporting Files";
			sourceTree = "<group>";
		};
		48484E391AE83D380092D218 /* LionsAndTigersTests */ = {
			isa = PBXGroup;
			children = (
				48484E3C1AE83D380092D218 /* LionsAndTigersTests.swift */,
				48484E3A1AE83D380092D218 /* Supporting Files */,
			);
			path = LionsAndTigersTests;
			sourceTree = "<group>";
		};
		48484E3A1AE83D380092D218 /* Supporting Files */ = {
			isa = PBXGroup;
			children = (
				48484E3B1AE83D380092D218 /* Info.plist */,
			);
			name = "Supporting Files";
			sourceTree = "<group>";
		};
/* End PBXGroup section */

/* Begin PBXNativeTarget section */
		48484E201AE83D380092D218 /* LionsAndTigers */ = {
			isa = PBXNativeTarget;
			buildConfigurationList = 48484E401AE83D380092D218 /* Build configuration list for PBXNativeTarget "LionsAndTigers" */;
			buildPhases = (
				48484E1D1AE83D380092D218 /* Sources */,
				48484E1E1AE83D380092D218 /* Frameworks */,
				48484E1F1AE83D380092D218 /* Resources */,
			);
			buildRules = (
			);
			dependencies = (
			);
			name = LionsAndTigers;
			productName = LionsAndTigers;
			productReference = 48484E211AE83D380092D218 /* LionsAndTigers.app */;
			productType = "com.apple.product-type.application";
		};
		48484E351AE83D380092D218 /* LionsAndTigersTests */ = {
			isa = PBXNativeTarget;
			buildConfigurationList = 48484E431AE83D380092D218 /* Build configuration list for PBXNativeTarget "LionsAndTigersTests" */;
			buildPhases = (
				48484E321AE83D380092D218 /* Sources */,
				48484E331AE83D380092D218 /* Frameworks */,
				48484E341AE83D380092D218 /* Resources */,
			);
			buildRules = (
			);
			dependencies = (
				48484E381AE83D380092D218 /* PBXTargetDependency */,
			);
			name = LionsAndTigersTests;
			productName = LionsAndTigersTests;
			productReference = 48484E361AE83D380092D218 /* LionsAndTigersTests.xctest */;
			productType = "com.apple.product-type.bundle.unit-test";
		};
/* End PBXNativeTarget section */

/* Begin PBXProject section */
		48484E191AE83D380092D218 /* Project object */ = {
			isa = PBXProject;
			attributes = {
				LastUpgradeCheck = 0630;
				ORGANIZATIONNAME = Matthew;
				TargetAttributes = {
					48484E201AE83D380092D218 = {
						CreatedOnToolsVersion = 6.3;
					};
					48484E351AE83D380092D218 = {
						CreatedOnToolsVersion = 6.3;
						TestTargetID = 48484E201AE83D380092D218;
					};
				};
			};
			buildConfigurationList = 48484E1C1AE83D380092D218 /* Build configuration list for PBXProject "LionsAndTigers" */;
			compatibilityVersion = "Xcode 3.2";
			developmentRegion = English;
			hasScannedForEncodings = 0;
			knownRegions = (
				en,
				Base,
			);
			mainGroup = 48484E181AE83D380092D218;
			productRefGroup = 48484E221AE83D380092D218 /* Products */;
			projectDirPath = "";
			projectRoot = "";
			targets = (
				48484E201AE83D380092D218 /* LionsAndTigers */,
				48484E351AE83D380092D218 /* LionsAndTigersTests */,
			);
		};
/* End PBXProject section */

/* Begin PBXResourcesBuildPhase section */
		48484E1F1AE83D380092D218 /* Resources */ = {
			isa = PBXResourcesBuildPhase;
			buildActionMask = 2147483647;
			files = (
				48484E2C1AE83D380092D218 /* Main.storyboard in Resources */,
				48484E311AE83D380092D218 /* LaunchScreen.xib in Resources */,
				48484E2E1AE83D380092D218 /* Images.xcassets in Resources */,
			);
			runOnlyForDeploymentPostprocessing = 0;
		};
		48484E341AE83D380092D218 /* Resources */ = {
			isa = PBXResourcesBuildPhase;
			buildActionMask = 2147483647;
			files = (
			);
			runOnlyForDeploymentPostprocessing = 0;
		};
/* End PBXResourcesBuildPhase section */

/* Begin PBXSourcesBuildPhase section */
		48484E1D1AE83D380092D218 /* Sources */ = {
			isa = PBXSourcesBuildPhase;
			buildActionMask = 2147483647;
			files = (
				48484E291AE83D380092D218 /* ViewController.swift in Sources */,
				48484E271AE83D380092D218 /* AppDelegate.swift in Sources */,
			);
			runOnlyForDeploymentPostprocessing = 0;
		};
		48484E321AE83D380092D218 /* Sources */ = {
			isa = PBXSourcesBuildPhase;
			buildActionMask = 2147483647;
			files = (
				48484E3D1AE83D380092D218 /* LionsAndTigersTests.swift in Sources */,
			);
			runOnlyForDeploymentPostprocessing = 0;
		};
/* End PBXSourcesBuildPhase section */

/* Begin PBXTargetDependency section */
		48484E381AE83D380092D218 /* PBXTargetDependency */ = {
			isa = PBXTargetDependency;
			target = 48484E201AE83D380092D218 /* LionsAndTigers */;
			targetProxy = 48484E371AE83D380092D218 /* PBXContainerItemProxy */;
		};
/* End PBXTargetDependency section */

/* Begin PBXVariantGroup section */
		48484E2A1AE83D380092D218 /* Main.storyboard */ = {
			isa = PBXVariantGroup;
			children = (
				48484E2B1AE83D380092D218 /* Base */,
			);
			name = Main.storyboard;
			sourceTree = "<group>";
		};
		48484E2F1AE83D380092D218 /* LaunchScreen.xib */ = {
			isa = PBXVariantGroup;
			children = (
				48484E301AE83D380092D218 /* Base */,
			);
			name = LaunchScreen.xib;
			sourceTree = "<group>";
		};
/* End PBXVariantGroup section */

/* Begin XCBuildConfiguration section */
		48484E3E1AE83D380092D218 /* Debug */ = {
			isa = XCBuildConfiguration;
			buildSettings = {
				ALWAYS_SEARCH_USER_PATHS = NO;
				CLANG_CXX_LANGUAGE_STANDARD = "gnu++0x";
				CLANG_CXX_LIBRARY = "libc++";
				CLANG_ENABLE_MODULES = YES;
				CLANG_ENABLE_OBJC_ARC = YES;
				CLANG_WARN_BOOL_CONVERSION = YES;
				CLANG_WARN_CONSTANT_CONVERSION = YES;
				CLANG_WARN_DIRECT_OBJC_ISA_USAGE = YES_ERROR;
				CLANG_WARN_EMPTY_BODY = YES;
				CLANG_WARN_ENUM_CONVERSION = YES;
				CLANG_WARN_INT_CONVERSION = YES;
				CLANG_WARN_OBJC_ROOT_CLASS = YES_ERROR;
				CLANG_WARN_UNREACHABLE_CODE = YES;
				CLANG_WARN__DUPLICATE_METHOD_MATCH = YES;
				"CODE_SIGN_IDENTITY[sdk=iphoneos*]" = "iPhone Developer";
				COPY_PHASE_STRIP = NO;
				DEBUG_INFORMATION_FORMAT = "dwarf-with-dsym";
				ENABLE_STRICT_OBJC_MSGSEND = YES;
				GCC_C_LANGUAGE_STANDARD = gnu99;
				GCC_DYNAMIC_NO_PIC = NO;
				GCC_NO_COMMON_BLOCKS = YES;
				GCC_OPTIMIZATION_LEVEL = 0;
				GCC_PREPROCESSOR_DEFINITIONS = (
					"DEBUG=1",
					"$(inherited)",
				);
				GCC_SYMBOLS_PRIVATE_EXTERN = NO;
				GCC_WARN_64_TO_32_BIT_CONVERSION = YES;
				GCC_WARN_ABOUT_RETURN_TYPE = YES_ERROR;
				GCC_WARN_UNDECLARED_SELECTOR = YES;
				GCC_WARN_UNINITIALIZED_AUTOS = YES_AGGRESSIVE;
				GCC_WARN_UNUSED_FUNCTION = YES;
				GCC_WARN_UNUSED_VARIABLE = YES;
				IPHONEOS_DEPLOYMENT_TARGET = 8.3;
				MTL_ENABLE_DEBUG_INFO = YES;
				ONLY_ACTIVE_ARCH = YES;
				SDKROOT = iphoneos;
				SWIFT_OPTIMIZATION_LEVEL = "-Onone";
				TARGETED_DEVICE_FAMILY = "1,2";
			};
			name = Debug;
		};
		48484E3F1AE83D380092D218 /* Release */ = {
			isa = XCBuildConfiguration;
			buildSettings = {
				ALWAYS_SEARCH_USER_PATHS = NO;
				CLANG_CXX_LANGUAGE_STANDARD = "gnu++0x";
				CLANG_CXX_LIBRARY = "libc++";
				CLANG_ENABLE_MODULES = YES;
				CLANG_ENABLE_OBJC_ARC = YES;
				CLANG_WARN_BOOL_CONVERSION = YES;
				CLANG_WARN_CONSTANT_CONVERSION = YES;
				CLANG_WARN_DIRECT_OBJC_ISA_USAGE = YES_ERROR;
				CLANG_WARN_EMPTY_BODY = YES;
				CLANG_WARN_ENUM_CONVERSION = YES;
				CLANG_WARN_INT_CONVERSION = YES;
				CLANG_WARN_OBJC_ROOT_CLASS = YES_ERROR;
				CLANG_WARN_UNREACHABLE_CODE = YES;
				CLANG_WARN__DUPLICATE_METHOD_MATCH = YES;
				"CODE_SIGN_IDENTITY[sdk=iphoneos*]" = "iPhone Developer";
				COPY_PHASE_STRIP = NO;
				DEBUG_INFORMATION_FORMAT = "dwarf-with-dsym";
				ENABLE_NS_ASSERTIONS = NO;
				ENABLE_STRICT_OBJC_MSGSEND = YES;
				GCC_C_LANGUAGE_STANDARD = gnu99;
				GCC_NO_COMMON_BLOCKS = YES;
				GCC_WARN_64_TO_32_BIT_CONVERSION = YES;
				GCC_WARN_ABOUT_RETURN_TYPE = YES_ERROR;
				GCC_WARN_UNDECLARED_SELECTOR = YES;
				GCC_WARN_UNINITIALIZED_AUTOS = YES_AGGRESSIVE;
				GCC_WARN_UNUSED_FUNCTION = YES;
				GCC_WARN_UNUSED_VARIABLE = YES;
				IPHONEOS_DEPLOYMENT_TARGET = 8.3;
				MTL_ENABLE_DEBUG_INFO = NO;
				SDKROOT = iphoneos;
				TARGETED_DEVICE_FAMILY = "1,2";
				VALIDATE_PRODUCT = YES;
			};
			name = Release;
		};
		48484E411AE83D380092D218 /* Debug */ = {
			isa = XCBuildConfiguration;
			buildSettings = {
				ASSETCATALOG_COMPILER_APPICON_NAME = AppIcon;
				INFOPLIST_FILE = LionsAndTigers/Info.plist;
				LD_RUNPATH_SEARCH_PATHS = "$(inherited) @executable_path/Frameworks";
				PRODUCT_NAME = "$(TARGET_NAME)";
			};
			name = Debug;
		};
		48484E421AE83D380092D218 /* Release */ = {
			isa = XCBuildConfiguration;
			buildSettings = {
				ASSETCATALOG_COMPILER_APPICON_NAME = AppIcon;
				INFOPLIST_FILE = LionsAndTigers/Info.plist;
				LD_RUNPATH_SEARCH_PATHS = "$(inherited) @executable_path/Frameworks";
				PRODUCT_NAME = "$(TARGET_NAME)";
			};
			name = Release;
		};
		48484E441AE83D380092D218 /* Debug */ = {
			isa = XCBuildConfiguration;
			buildSettings = {
				BUNDLE_LOADER = "$(TEST_HOST)";
				FRAMEWORK_SEARCH_PATHS = (
					"$(SDKROOT)/Developer/Library/Frameworks",
					"$(inherited)",
				);
				GCC_PREPROCESSOR_DEFINITIONS = (
					"DEBUG=1",
					"$(inherited)",
				);
				INFOPLIST_FILE = LionsAndTigersTests/Info.plist;
				LD_RUNPATH_SEARCH_PATHS = "$(inherited) @executable_path/Frameworks @loader_path/Frameworks";
				PRODUCT_NAME = "$(TARGET_NAME)";
				TEST_HOST = "$(BUILT_PRODUCTS_DIR)/LionsAndTigers.app/LionsAndTigers";
			};
			name = Debug;
		};
		48484E451AE83D380092D218 /* Release */ = {
			isa = XCBuildConfiguration;
			buildSettings = {
				BUNDLE_LOADER = "$(TEST_HOST)";
				FRAMEWORK_SEARCH_PATHS = (
					"$(SDKROOT)/Developer/Library/Frameworks",
					"$(inherited)",
				);
				INFOPLIST_FILE = LionsAndTigersTests/Info.plist;
				LD_RUNPATH_SEARCH_PATHS = "$(inherited) @executable_path/Frameworks @loader_path/Frameworks";
				PRODUCT_NAME = "$(TARGET_NAME)";
				TEST_HOST = "$(BUILT_PRODUCTS_DIR)/LionsAndTigers.app/LionsAndTigers";
			};
			name = Release;
		};
/* End XCBuildConfiguration section */

/* Begin XCConfigurationList section */
		48484E1C1AE83D380092D218 /* Build configuration list for PBXProject "LionsAndTigers" */ = {
			isa = XCConfigurationList;
			buildConfigurations = (
				48484E3E1AE83D380092D218 /* Debug */,
				48484E3F1AE83D380092D218 /* Release */,
			);
			defaultConfigurationIsVisible = 0;
			defaultConfigurationName = Release;
		};
		48484E401AE83D380092D218 /* Build configuration list for PBXNativeTarget "LionsAndTigers" */ = {
			isa = XCConfigurationList;
			buildConfigurations = (
				48484E411AE83D380092D218 /* Debug */,
				48484E421AE83D380092D218 /* Release */,
			);
			defaultConfigurationIsVisible = 0;
		};
		48484E431AE83D380092D218 /* Build configuration list for PBXNativeTarget "LionsAndTigersTests" */ = {
			isa = XCConfigurationList;
			buildConfigurations = (
				48484E441AE83D380092D218 /* Debug */,
				48484E451AE83D380092D218 /* Release */,
			);
			defaultConfigurationIsVisible = 0;
		};
/* End XCConfigurationList section */
	};
	rootObject = 48484E191AE83D380092D218 /* Project object */;
}
